
Microsoft Visual Studio Solution File, Format Version 12.00
# Visual Studio Version 17
VisualStudioVersion = 17.0.31903.59
MinimumVisualStudioVersion = 10.0.40219.1
Project("{FAE04EC0-301F-11D3-BF4B-00C04F79EFBC}") = "Client", "client\Client.csproj", "{8183BE62-77EC-40A2-A828-A4ADFC538DE6}"
EndProject
Global
	GlobalSection(SolutionConfigurationPlatforms) = preSolution
		Debug|Any CPU = Debug|Any CPU
		Release|Any CPU = Release|Any CPU
	EndGlobalSection
	GlobalSection(SolutionProperties) = preSolution
		HideSolutionNode = FALSE
	EndGlobalSection
	GlobalSection(ProjectConfigurationPlatforms) = postSolution
		{8183BE62-77EC-40A2-A828-A4ADFC538DE6}.Debug|Any CPU.ActiveCfg = Debug|Any CPU
		{8183BE62-77EC-40A2-A828-A4ADFC538DE6}.Debug|Any CPU.Build.0 = Debug|Any CPU
		{8183BE62-77EC-40A2-A828-A4ADFC538DE6}.Release|Any CPU.ActiveCfg = Release|Any CPU
		{8183BE62-77EC-40A2-A828-A4ADFC538DE6}.Release|Any CPU.Build.0 = Release|Any CPU
	EndGlobalSection
EndGlobal
